
Microsoft Visual Studio Solution File, Format Version 12.00
# Visual Studio Version 17
VisualStudioVersion = 17.0.31903.59
MinimumVisualStudioVersion = 10.0.40219.1
Project("{FAE04EC0-301F-11D3-BF4B-00C04F79EFBC}") = "HeadlightGen", "src\HeadlightGen\HeadlightGen.csproj", "{5C328F6B-F06E-48C8-BDC1-6B242886649B}"
EndProject
Global
	GlobalSection(SolutionConfigurationPlatforms) = preSolution
		Debug|Any CPU = Debug|Any CPU
		Release|Any CPU = Release|Any CPU
	EndGlobalSection
	GlobalSection(ProjectConfigurationPlatforms) = postSolution
		{5C328F6B-F06E-48C8-BDC1-6B242886649B}.Debug|Any CPU.ActiveCfg = Debug|Any CPU
		{5C328F6B-F06E-48C8-BDC1-6B242886649B}.Debug|Any CPU.Build.0 = Debug|Any CPU
		{5C328F6B-F06E-48C8-BDC1-6B242886649B}.Release|Any CPU.ActiveCfg = Release|Any CPU
		{5C328F6B-F06E-48C8-BDC1-6B242886649B}.Release|Any CPU.Build.0 = Release|Any CPU
	EndGlobalSection
	GlobalSection(SolutionProperties) = preSolution
		HideSolutionNode = FALSE
	EndGlobalSection
	GlobalSection(NestedProjects) = preSolution
		{5C328F6B-F06E-48C8-BDC1-6B242886649B} = {827E0CD3-B72D-47B6-A68D-7590B98EB39B}
	EndGlobalSection
EndGlobal
